// !$*UTF8*$!
{
	archiveVersion = 1;
	classes = {
	};
	objectVersion = 46;
	objects = {

/* Begin PBXBuildFile section */
		F51131011BB1B855004B4ED7 /* AppDelegate.swift in Sources */ = {isa = PBXBuildFile; fileRef = F51131001BB1B855004B4ED7 /* AppDelegate.swift */; };
		F51131061BB1B855004B4ED7 /* Main.storyboard in Resources */ = {isa = PBXBuildFile; fileRef = F51131041BB1B855004B4ED7 /* Main.storyboard */; };
		F51131081BB1B855004B4ED7 /* Assets.xcassets in Resources */ = {isa = PBXBuildFile; fileRef = F51131071BB1B855004B4ED7 /* Assets.xcassets */; };
		F511310B1BB1B855004B4ED7 /* LaunchScreen.storyboard in Resources */ = {isa = PBXBuildFile; fileRef = F51131091BB1B855004B4ED7 /* LaunchScreen.storyboard */; };
		F51131161BB1B855004B4ED7 /* NeuroMindTests.swift in Sources */ = {isa = PBXBuildFile; fileRef = F51131151BB1B855004B4ED7 /* NeuroMindTests.swift */; };
		F51131211BB1B855004B4ED7 /* NeuroMindUITests.swift in Sources */ = {isa = PBXBuildFile; fileRef = F51131201BB1B855004B4ED7 /* NeuroMindUITests.swift */; };
		F511312F1BB1B8D0004B4ED7 /* ScoresTVC.swift in Sources */ = {isa = PBXBuildFile; fileRef = F511312E1BB1B8CF004B4ED7 /* ScoresTVC.swift */; };
		F511313D1BB1BACE004B4ED7 /* FMDatabase.m in Sources */ = {isa = PBXBuildFile; fileRef = F51131341BB1BACE004B4ED7 /* FMDatabase.m */; };
		F511313E1BB1BACE004B4ED7 /* FMResultSet.m in Sources */ = {isa = PBXBuildFile; fileRef = F51131361BB1BACE004B4ED7 /* FMResultSet.m */; };
		F511313F1BB1BACE004B4ED7 /* FMDatabaseQueue.m in Sources */ = {isa = PBXBuildFile; fileRef = F51131381BB1BACE004B4ED7 /* FMDatabaseQueue.m */; };
		F51131401BB1BACE004B4ED7 /* FMDatabaseAdditions.m in Sources */ = {isa = PBXBuildFile; fileRef = F511313A1BB1BACE004B4ED7 /* FMDatabaseAdditions.m */; };
		F51131411BB1BACE004B4ED7 /* FMDatabasePool.m in Sources */ = {isa = PBXBuildFile; fileRef = F511313C1BB1BACE004B4ED7 /* FMDatabasePool.m */; };
		F51131451BB1C119004B4ED7 /* libsqlite3.tbd in Frameworks */ = {isa = PBXBuildFile; fileRef = F51131441BB1C119004B4ED7 /* libsqlite3.tbd */; };
		F51131491BB1CAD8004B4ED7 /* Score.swift in Sources */ = {isa = PBXBuildFile; fileRef = F51131481BB1CAD8004B4ED7 /* Score.swift */; };
		F511314B1BB5A0B4004B4ED7 /* ScoreDetailVC.swift in Sources */ = {isa = PBXBuildFile; fileRef = F511314A1BB5A0B4004B4ED7 /* ScoreDetailVC.swift */; };
		F52CFC751BFDF9540072660B /* IRIS.swift in Sources */ = {isa = PBXBuildFile; fileRef = F52CFC721BFDF9540072660B /* IRIS.swift */; };
		F52CFC761BFDF9540072660B /* Status.swift in Sources */ = {isa = PBXBuildFile; fileRef = F52CFC731BFDF9540072660B /* Status.swift */; };
		F52CFC771BFDF9540072660B /* SwiftyJSON.swift in Sources */ = {isa = PBXBuildFile; fileRef = F52CFC741BFDF9540072660B /* SwiftyJSON.swift */; };
		F54DC0BE1BE208950059E641 /* DatabaseManager.swift in Sources */ = {isa = PBXBuildFile; fileRef = F54DC0BD1BE208950059E641 /* DatabaseManager.swift */; };
		F54DC0C01BE21C5B0059E641 /* scores.db in Resources */ = {isa = PBXBuildFile; fileRef = F54DC0BF1BE21C5B0059E641 /* scores.db */; };
		F54DC0C71BE2523A0059E641 /* SpetzlerPonceTVC.swift in Sources */ = {isa = PBXBuildFile; fileRef = F54DC0C61BE2523A0059E641 /* SpetzlerPonceTVC.swift */; };
		F54DC0C91BE253C70059E641 /* SpetzlerPonce.storyboard in Resources */ = {isa = PBXBuildFile; fileRef = F54DC0C81BE253C70059E641 /* SpetzlerPonce.storyboard */; };
		F54DC0CB1BE25A9C0059E641 /* SpetzlerPonce.swift in Sources */ = {isa = PBXBuildFile; fileRef = F54DC0CA1BE25A9C0059E641 /* SpetzlerPonce.swift */; };
		F54DC0CD1BE2644D0059E641 /* Recommendation.storyboard in Resources */ = {isa = PBXBuildFile; fileRef = F54DC0CC1BE2644C0059E641 /* Recommendation.storyboard */; };
		F54DC0CF1BE264860059E641 /* RecommendationVC.swift in Sources */ = {isa = PBXBuildFile; fileRef = F54DC0CE1BE264860059E641 /* RecommendationVC.swift */; };
		F54DC0D21BE26BAF0059E641 /* Helper.swift in Sources */ = {isa = PBXBuildFile; fileRef = F54DC0D11BE26BAF0059E641 /* Helper.swift */; };
		F54FB2F31C20490D003C9E6A /* SINS.swift in Sources */ = {isa = PBXBuildFile; fileRef = F54FB2F21C20490D003C9E6A /* SINS.swift */; };
		F54FB2F71C22C9EC003C9E6A /* SINS.storyboard in Resources */ = {isa = PBXBuildFile; fileRef = F54FB2F61C22C9EC003C9E6A /* SINS.storyboard */; };
		F54FB2F91C22CA56003C9E6A /* SINS_TVC.swift in Sources */ = {isa = PBXBuildFile; fileRef = F54FB2F81C22CA56003C9E6A /* SINS_TVC.swift */; };
		F5B525351BFB87E300D7FB1C /* InfoDetailVC.swift in Sources */ = {isa = PBXBuildFile; fileRef = F5B525341BFB87E300D7FB1C /* InfoDetailVC.swift */; };
		F5B525371BFB881600D7FB1C /* InfoTVC.swift in Sources */ = {isa = PBXBuildFile; fileRef = F5B525361BFB881600D7FB1C /* InfoTVC.swift */; };
		F5E8D2BE1BE9DEF1000AE8CF /* ScoreCell.swift in Sources */ = {isa = PBXBuildFile; fileRef = F5E8D2BD1BE9DEF1000AE8CF /* ScoreCell.swift */; };
		F5F219191C09A32700EA02FF /* Info.storyboard in Resources */ = {isa = PBXBuildFile; fileRef = F5F219181C09A32700EA02FF /* Info.storyboard */; };
		F5F2191C1C09A42E00EA02FF /* ScoreDetail.storyboard in Resources */ = {isa = PBXBuildFile; fileRef = F5F2191B1C09A42E00EA02FF /* ScoreDetail.storyboard */; };
		F5F219201C09A90F00EA02FF /* SLIC.swift in Sources */ = {isa = PBXBuildFile; fileRef = F5F2191F1C09A90F00EA02FF /* SLIC.swift */; };
		F5F219241C09A93D00EA02FF /* SLICTableViewController.swift in Sources */ = {isa = PBXBuildFile; fileRef = F5F219221C09A93D00EA02FF /* SLICTableViewController.swift */; };
		F5F219261C09A9D700EA02FF /* SLIC.storyboard in Resources */ = {isa = PBXBuildFile; fileRef = F5F219251C09A9D700EA02FF /* SLIC.storyboard */; };
		F5F2192C1C10D41100EA02FF /* TLICS.storyboard in Resources */ = {isa = PBXBuildFile; fileRef = F5F2192B1C10D41100EA02FF /* TLICS.storyboard */; };
		F5F2192E1C10D4E000EA02FF /* TLICS_TVC.swift in Sources */ = {isa = PBXBuildFile; fileRef = F5F2192D1C10D4E000EA02FF /* TLICS_TVC.swift */; };
		F5F219301C10D4FD00EA02FF /* TLICS.swift in Sources */ = {isa = PBXBuildFile; fileRef = F5F2192F1C10D4FD00EA02FF /* TLICS.swift */; };
		F5F219421C1428F300EA02FF /* ReleaseNotesVC.swift in Sources */ = {isa = PBXBuildFile; fileRef = F5F219411C1428F300EA02FF /* ReleaseNotesVC.swift */; };
		F5F219441C142EC300EA02FF /* ReleaseNotes.storyboard in Resources */ = {isa = PBXBuildFile; fileRef = F5F219431C142EC300EA02FF /* ReleaseNotes.storyboard */; };
		F5F219471C15B57100EA02FF /* release_notes.html in Resources */ = {isa = PBXBuildFile; fileRef = F5F219461C15B57100EA02FF /* release_notes.html */; };
		F5F219491C15BFC200EA02FF /* StoreKit.framework in Frameworks */ = {isa = PBXBuildFile; fileRef = F5F219481C15BFC200EA02FF /* StoreKit.framework */; };
		F5F2194C1C15C56000EA02FF /* PHASES.storyboard in Resources */ = {isa = PBXBuildFile; fileRef = F5F2194B1C15C56000EA02FF /* PHASES.storyboard */; };
		F5F2194E1C15C57F00EA02FF /* PHASES_TVC.swift in Sources */ = {isa = PBXBuildFile; fileRef = F5F2194D1C15C57F00EA02FF /* PHASES_TVC.swift */; };
		F5F219501C15C58C00EA02FF /* PHASES.swift in Sources */ = {isa = PBXBuildFile; fileRef = F5F2194F1C15C58C00EA02FF /* PHASES.swift */; };
		F5F219531C16056A00EA02FF /* Purchase.storyboard in Resources */ = {isa = PBXBuildFile; fileRef = F5F219521C16056A00EA02FF /* Purchase.storyboard */; };
		F5F219551C16058300EA02FF /* PurchaseVC.swift in Sources */ = {isa = PBXBuildFile; fileRef = F5F219541C16058300EA02FF /* PurchaseVC.swift */; };
		F5FCC2391C46FB6600AD19B5 /* eula.html in Resources */ = {isa = PBXBuildFile; fileRef = F5FCC2381C46FB6600AD19B5 /* eula.html */; };
		F5FCC23B1C46FC3900AD19B5 /* iris.html in Resources */ = {isa = PBXBuildFile; fileRef = F5FCC23A1C46FC3900AD19B5 /* iris.html */; };
		F5FCC23D1C46FCE400AD19B5 /* privacy.html in Resources */ = {isa = PBXBuildFile; fileRef = F5FCC23C1C46FCE400AD19B5 /* privacy.html */; };
		F5FCC23F1C46FD2F00AD19B5 /* me.html in Resources */ = {isa = PBXBuildFile; fileRef = F5FCC23E1C46FD2F00AD19B5 /* me.html */; };
/* End PBXBuildFile section */

/* Begin PBXContainerItemProxy section */
		F51131121BB1B855004B4ED7 /* PBXContainerItemProxy */ = {
			isa = PBXContainerItemProxy;
			containerPortal = F51130F51BB1B855004B4ED7 /* Project object */;
			proxyType = 1;
			remoteGlobalIDString = F51130FC1BB1B855004B4ED7;
			remoteInfo = NeuroMind;
		};
		F511311D1BB1B855004B4ED7 /* PBXContainerItemProxy */ = {
			isa = PBXContainerItemProxy;
			containerPortal = F51130F51BB1B855004B4ED7 /* Project object */;
			proxyType = 1;
			remoteGlobalIDString = F51130FC1BB1B855004B4ED7;
			remoteInfo = NeuroMind;
		};
/* End PBXContainerItemProxy section */

/* Begin PBXCopyFilesBuildPhase section */
		F5F219401C1426BA00EA02FF /* Embed App Extensions */ = {
			isa = PBXCopyFilesBuildPhase;
			buildActionMask = 2147483647;
			dstPath = "";
			dstSubfolderSpec = 13;
			files = (
			);
			name = "Embed App Extensions";
			runOnlyForDeploymentPostprocessing = 0;
		};
/* End PBXCopyFilesBuildPhase section */

/* Begin PBXFileReference section */
		F51130FD1BB1B855004B4ED7 /* NeuroMind.app */ = {isa = PBXFileReference; explicitFileType = wrapper.application; includeInIndex = 0; path = NeuroMind.app; sourceTree = BUILT_PRODUCTS_DIR; };
		F51131001BB1B855004B4ED7 /* AppDelegate.swift */ = {isa = PBXFileReference; lastKnownFileType = sourcecode.swift; name = AppDelegate.swift; path = NeuroMind/AppDelegate.swift; sourceTree = "<group>"; };
		F51131051BB1B855004B4ED7 /* Base */ = {isa = PBXFileReference; lastKnownFileType = file.storyboard; name = Base; path = Base.lproj/Main.storyboard; sourceTree = "<group>"; };
		F51131071BB1B855004B4ED7 /* Assets.xcassets */ = {isa = PBXFileReference; lastKnownFileType = folder.assetcatalog; path = Assets.xcassets; sourceTree = "<group>"; };
		F511310A1BB1B855004B4ED7 /* Base */ = {isa = PBXFileReference; lastKnownFileType = file.storyboard; name = Base; path = Base.lproj/LaunchScreen.storyboard; sourceTree = "<group>"; };
		F511310C1BB1B855004B4ED7 /* Info.plist */ = {isa = PBXFileReference; lastKnownFileType = text.plist.xml; path = Info.plist; sourceTree = "<group>"; };
		F51131111BB1B855004B4ED7 /* NeuroMindTests.xctest */ = {isa = PBXFileReference; explicitFileType = wrapper.cfbundle; includeInIndex = 0; path = NeuroMindTests.xctest; sourceTree = BUILT_PRODUCTS_DIR; };
		F51131151BB1B855004B4ED7 /* NeuroMindTests.swift */ = {isa = PBXFileReference; lastKnownFileType = sourcecode.swift; path = NeuroMindTests.swift; sourceTree = "<group>"; };
		F51131171BB1B855004B4ED7 /* Info.plist */ = {isa = PBXFileReference; lastKnownFileType = text.plist.xml; path = Info.plist; sourceTree = "<group>"; };
		F511311C1BB1B855004B4ED7 /* NeuroMindUITests.xctest */ = {isa = PBXFileReference; explicitFileType = wrapper.cfbundle; includeInIndex = 0; path = NeuroMindUITests.xctest; sourceTree = BUILT_PRODUCTS_DIR; };
		F51131201BB1B855004B4ED7 /* NeuroMindUITests.swift */ = {isa = PBXFileReference; lastKnownFileType = sourcecode.swift; path = NeuroMindUITests.swift; sourceTree = "<group>"; };
		F51131221BB1B855004B4ED7 /* Info.plist */ = {isa = PBXFileReference; lastKnownFileType = text.plist.xml; path = Info.plist; sourceTree = "<group>"; };
		F511312E1BB1B8CF004B4ED7 /* ScoresTVC.swift */ = {isa = PBXFileReference; fileEncoding = 4; lastKnownFileType = sourcecode.swift; name = ScoresTVC.swift; path = ../ScoresTVC.swift; sourceTree = "<group>"; };
		F51131311BB1BACE004B4ED7 /* NeuroMind-Bridging-Header.h */ = {isa = PBXFileReference; lastKnownFileType = sourcecode.c.h; path = "NeuroMind-Bridging-Header.h"; sourceTree = "<group>"; };
		F51131321BB1BACE004B4ED7 /* FMDB.h */ = {isa = PBXFileReference; fileEncoding = 4; lastKnownFileType = sourcecode.c.h; path = FMDB.h; sourceTree = "<group>"; };
		F51131331BB1BACE004B4ED7 /* FMDatabase.h */ = {isa = PBXFileReference; fileEncoding = 4; lastKnownFileType = sourcecode.c.h; path = FMDatabase.h; sourceTree = "<group>"; };
		F51131341BB1BACE004B4ED7 /* FMDatabase.m */ = {isa = PBXFileReference; fileEncoding = 4; lastKnownFileType = sourcecode.c.objc; path = FMDatabase.m; sourceTree = "<group>"; };
		F51131351BB1BACE004B4ED7 /* FMResultSet.h */ = {isa = PBXFileReference; fileEncoding = 4; lastKnownFileType = sourcecode.c.h; path = FMResultSet.h; sourceTree = "<group>"; };
		F51131361BB1BACE004B4ED7 /* FMResultSet.m */ = {isa = PBXFileReference; fileEncoding = 4; lastKnownFileType = sourcecode.c.objc; path = FMResultSet.m; sourceTree = "<group>"; };
		F51131371BB1BACE004B4ED7 /* FMDatabaseQueue.h */ = {isa = PBXFileReference; fileEncoding = 4; lastKnownFileType = sourcecode.c.h; path = FMDatabaseQueue.h; sourceTree = "<group>"; };
		F51131381BB1BACE004B4ED7 /* FMDatabaseQueue.m */ = {isa = PBXFileReference; fileEncoding = 4; lastKnownFileType = sourcecode.c.objc; path = FMDatabaseQueue.m; sourceTree = "<group>"; };
		F51131391BB1BACE004B4ED7 /* FMDatabaseAdditions.h */ = {isa = PBXFileReference; fileEncoding = 4; lastKnownFileType = sourcecode.c.h; path = FMDatabaseAdditions.h; sourceTree = "<group>"; };
		F511313A1BB1BACE004B4ED7 /* FMDatabaseAdditions.m */ = {isa = PBXFileReference; fileEncoding = 4; lastKnownFileType = sourcecode.c.objc; path = FMDatabaseAdditions.m; sourceTree = "<group>"; };
		F511313B1BB1BACE004B4ED7 /* FMDatabasePool.h */ = {isa = PBXFileReference; fileEncoding = 4; lastKnownFileType = sourcecode.c.h; path = FMDatabasePool.h; sourceTree = "<group>"; };
		F511313C1BB1BACE004B4ED7 /* FMDatabasePool.m */ = {isa = PBXFileReference; fileEncoding = 4; lastKnownFileType = sourcecode.c.objc; path = FMDatabasePool.m; sourceTree = "<group>"; };
		F51131441BB1C119004B4ED7 /* libsqlite3.tbd */ = {isa = PBXFileReference; lastKnownFileType = "sourcecode.text-based-dylib-definition"; name = libsqlite3.tbd; path = usr/lib/libsqlite3.tbd; sourceTree = SDKROOT; };
		F51131481BB1CAD8004B4ED7 /* Score.swift */ = {isa = PBXFileReference; fileEncoding = 4; lastKnownFileType = sourcecode.swift; path = Score.swift; sourceTree = "<group>"; };
		F511314A1BB5A0B4004B4ED7 /* ScoreDetailVC.swift */ = {isa = PBXFileReference; fileEncoding = 4; lastKnownFileType = sourcecode.swift; path = ScoreDetailVC.swift; sourceTree = "<group>"; };
		F52CFC721BFDF9540072660B /* IRIS.swift */ = {isa = PBXFileReference; fileEncoding = 4; lastKnownFileType = sourcecode.swift; path = IRIS.swift; sourceTree = "<group>"; };
		F52CFC731BFDF9540072660B /* Status.swift */ = {isa = PBXFileReference; fileEncoding = 4; lastKnownFileType = sourcecode.swift; path = Status.swift; sourceTree = "<group>"; };
		F52CFC741BFDF9540072660B /* SwiftyJSON.swift */ = {isa = PBXFileReference; fileEncoding = 4; lastKnownFileType = sourcecode.swift; path = SwiftyJSON.swift; sourceTree = "<group>"; };
		F54DC0BD1BE208950059E641 /* DatabaseManager.swift */ = {isa = PBXFileReference; fileEncoding = 4; lastKnownFileType = sourcecode.swift; path = DatabaseManager.swift; sourceTree = "<group>"; };
		F54DC0BF1BE21C5B0059E641 /* scores.db */ = {isa = PBXFileReference; lastKnownFileType = file; name = scores.db; path = NeuroMind/scores.db; sourceTree = "<group>"; };
		F54DC0C61BE2523A0059E641 /* SpetzlerPonceTVC.swift */ = {isa = PBXFileReference; fileEncoding = 4; lastKnownFileType = sourcecode.swift; name = SpetzlerPonceTVC.swift; path = CDSS/SpetzlerPonce/SpetzlerPonceTVC.swift; sourceTree = "<group>"; };
		F54DC0C81BE253C70059E641 /* SpetzlerPonce.storyboard */ = {isa = PBXFileReference; fileEncoding = 4; lastKnownFileType = file.storyboard; name = SpetzlerPonce.storyboard; path = CDSS/SpetzlerPonce/SpetzlerPonce.storyboard; sourceTree = "<group>"; };
		F54DC0CA1BE25A9C0059E641 /* SpetzlerPonce.swift */ = {isa = PBXFileReference; fileEncoding = 4; lastKnownFileType = sourcecode.swift; name = SpetzlerPonce.swift; path = CDSS/SpetzlerPonce/SpetzlerPonce.swift; sourceTree = "<group>"; };
		F54DC0CC1BE2644C0059E641 /* Recommendation.storyboard */ = {isa = PBXFileReference; fileEncoding = 4; lastKnownFileType = file.storyboard; name = Recommendation.storyboard; path = CDSS/Recommendation.storyboard; sourceTree = "<group>"; };
		F54DC0CE1BE264860059E641 /* RecommendationVC.swift */ = {isa = PBXFileReference; fileEncoding = 4; lastKnownFileType = sourcecode.swift; name = RecommendationVC.swift; path = CDSS/RecommendationVC.swift; sourceTree = "<group>"; };
		F54DC0D11BE26BAF0059E641 /* Helper.swift */ = {isa = PBXFileReference; fileEncoding = 4; lastKnownFileType = sourcecode.swift; name = Helper.swift; path = CDSS/Helper.swift; sourceTree = "<group>"; };
		F54FB2F21C20490D003C9E6A /* SINS.swift */ = {isa = PBXFileReference; fileEncoding = 4; lastKnownFileType = sourcecode.swift; name = SINS.swift; path = CDSS/SINS/SINS.swift; sourceTree = "<group>"; };
		F54FB2F61C22C9EC003C9E6A /* SINS.storyboard */ = {isa = PBXFileReference; fileEncoding = 4; lastKnownFileType = file.storyboard; name = SINS.storyboard; path = CDSS/SINS/SINS.storyboard; sourceTree = "<group>"; };
		F54FB2F81C22CA56003C9E6A /* SINS_TVC.swift */ = {isa = PBXFileReference; fileEncoding = 4; lastKnownFileType = sourcecode.swift; name = SINS_TVC.swift; path = CDSS/SINS/SINS_TVC.swift; sourceTree = "<group>"; };
		F5B525341BFB87E300D7FB1C /* InfoDetailVC.swift */ = {isa = PBXFileReference; fileEncoding = 4; lastKnownFileType = sourcecode.swift; path = InfoDetailVC.swift; sourceTree = "<group>"; };
		F5B525361BFB881600D7FB1C /* InfoTVC.swift */ = {isa = PBXFileReference; fileEncoding = 4; lastKnownFileType = sourcecode.swift; path = InfoTVC.swift; sourceTree = "<group>"; };
		F5E8D2BD1BE9DEF1000AE8CF /* ScoreCell.swift */ = {isa = PBXFileReference; fileEncoding = 4; lastKnownFileType = sourcecode.swift; path = ScoreCell.swift; sourceTree = "<group>"; };
		F5ECFCF51BEC8D8200FFFDBB /* NeuroMind.entitlements */ = {isa = PBXFileReference; lastKnownFileType = text.xml; path = NeuroMind.entitlements; sourceTree = "<group>"; };
		F5F219181C09A32700EA02FF /* Info.storyboard */ = {isa = PBXFileReference; fileEncoding = 4; lastKnownFileType = file.storyboard; path = Info.storyboard; sourceTree = "<group>"; };
		F5F2191B1C09A42E00EA02FF /* ScoreDetail.storyboard */ = {isa = PBXFileReference; fileEncoding = 4; lastKnownFileType = file.storyboard; path = ScoreDetail.storyboard; sourceTree = "<group>"; };
		F5F2191F1C09A90F00EA02FF /* SLIC.swift */ = {isa = PBXFileReference; fileEncoding = 4; lastKnownFileType = sourcecode.swift; path = SLIC.swift; sourceTree = "<group>"; };
		F5F219221C09A93D00EA02FF /* SLICTableViewController.swift */ = {isa = PBXFileReference; fileEncoding = 4; lastKnownFileType = sourcecode.swift; path = SLICTableViewController.swift; sourceTree = "<group>"; };
		F5F219251C09A9D700EA02FF /* SLIC.storyboard */ = {isa = PBXFileReference; fileEncoding = 4; lastKnownFileType = file.storyboard; path = SLIC.storyboard; sourceTree = "<group>"; };
		F5F2192B1C10D41100EA02FF /* TLICS.storyboard */ = {isa = PBXFileReference; fileEncoding = 4; lastKnownFileType = file.storyboard; name = TLICS.storyboard; path = CDSS/TLICS/TLICS.storyboard; sourceTree = "<group>"; };
		F5F2192D1C10D4E000EA02FF /* TLICS_TVC.swift */ = {isa = PBXFileReference; fileEncoding = 4; lastKnownFileType = sourcecode.swift; name = TLICS_TVC.swift; path = CDSS/TLICS/TLICS_TVC.swift; sourceTree = "<group>"; };
		F5F2192F1C10D4FD00EA02FF /* TLICS.swift */ = {isa = PBXFileReference; fileEncoding = 4; lastKnownFileType = sourcecode.swift; name = TLICS.swift; path = CDSS/TLICS/TLICS.swift; sourceTree = "<group>"; };
		F5F219371C1426B900EA02FF /* RequestHandler.swift */ = {isa = PBXFileReference; lastKnownFileType = sourcecode.swift; path = RequestHandler.swift; sourceTree = "<group>"; };
		F5F219391C1426B900EA02FF /* Info.plist */ = {isa = PBXFileReference; lastKnownFileType = text.plist.xml; path = Info.plist; sourceTree = "<group>"; };
		F5F219411C1428F300EA02FF /* ReleaseNotesVC.swift */ = {isa = PBXFileReference; fileEncoding = 4; lastKnownFileType = sourcecode.swift; path = ReleaseNotesVC.swift; sourceTree = "<group>"; };
		F5F219431C142EC300EA02FF /* ReleaseNotes.storyboard */ = {isa = PBXFileReference; fileEncoding = 4; lastKnownFileType = file.storyboard; path = ReleaseNotes.storyboard; sourceTree = "<group>"; };
		F5F219461C15B57100EA02FF /* release_notes.html */ = {isa = PBXFileReference; fileEncoding = 4; lastKnownFileType = text.html; path = release_notes.html; sourceTree = "<group>"; };
		F5F219481C15BFC200EA02FF /* StoreKit.framework */ = {isa = PBXFileReference; lastKnownFileType = wrapper.framework; name = StoreKit.framework; path = System/Library/Frameworks/StoreKit.framework; sourceTree = SDKROOT; };
		F5F2194B1C15C56000EA02FF /* PHASES.storyboard */ = {isa = PBXFileReference; fileEncoding = 4; lastKnownFileType = file.storyboard; name = PHASES.storyboard; path = CDSS/PHASES/PHASES.storyboard; sourceTree = "<group>"; };
		F5F2194D1C15C57F00EA02FF /* PHASES_TVC.swift */ = {isa = PBXFileReference; fileEncoding = 4; lastKnownFileType = sourcecode.swift; name = PHASES_TVC.swift; path = CDSS/PHASES/PHASES_TVC.swift; sourceTree = "<group>"; };
		F5F2194F1C15C58C00EA02FF /* PHASES.swift */ = {isa = PBXFileReference; fileEncoding = 4; lastKnownFileType = sourcecode.swift; name = PHASES.swift; path = CDSS/PHASES/PHASES.swift; sourceTree = "<group>"; };
		F5F219521C16056A00EA02FF /* Purchase.storyboard */ = {isa = PBXFileReference; fileEncoding = 4; lastKnownFileType = file.storyboard; path = Purchase.storyboard; sourceTree = "<group>"; };
		F5F219541C16058300EA02FF /* PurchaseVC.swift */ = {isa = PBXFileReference; fileEncoding = 4; lastKnownFileType = sourcecode.swift; path = PurchaseVC.swift; sourceTree = "<group>"; };
		F5FCC2381C46FB6600AD19B5 /* eula.html */ = {isa = PBXFileReference; fileEncoding = 4; lastKnownFileType = text.html; name = eula.html; path = Info/html/eula.html; sourceTree = "<group>"; };
		F5FCC23A1C46FC3900AD19B5 /* iris.html */ = {isa = PBXFileReference; fileEncoding = 4; lastKnownFileType = text.html; name = iris.html; path = Info/html/iris.html; sourceTree = "<group>"; };
		F5FCC23C1C46FCE400AD19B5 /* privacy.html */ = {isa = PBXFileReference; fileEncoding = 4; lastKnownFileType = text.html; name = privacy.html; path = Info/html/privacy.html; sourceTree = "<group>"; };
		F5FCC23E1C46FD2F00AD19B5 /* me.html */ = {isa = PBXFileReference; fileEncoding = 4; lastKnownFileType = text.html; name = me.html; path = Info/html/me.html; sourceTree = "<group>"; };
/* End PBXFileReference section */

/* Begin PBXFrameworksBuildPhase section */
		F51130FA1BB1B855004B4ED7 /* Frameworks */ = {
			isa = PBXFrameworksBuildPhase;
			buildActionMask = 2147483647;
			files = (
				F51131451BB1C119004B4ED7 /* libsqlite3.tbd in Frameworks */,
				F5F219491C15BFC200EA02FF /* StoreKit.framework in Frameworks */,
			);
			runOnlyForDeploymentPostprocessing = 0;
		};
		F511310E1BB1B855004B4ED7 /* Frameworks */ = {
			isa = PBXFrameworksBuildPhase;
			buildActionMask = 2147483647;
			files = (
			);
			runOnlyForDeploymentPostprocessing = 0;
		};
		F51131191BB1B855004B4ED7 /* Frameworks */ = {
			isa = PBXFrameworksBuildPhase;
			buildActionMask = 2147483647;
			files = (
			);
			runOnlyForDeploymentPostprocessing = 0;
		};
/* End PBXFrameworksBuildPhase section */

/* Begin PBXGroup section */
		F51130F41BB1B855004B4ED7 = {
			isa = PBXGroup;
			children = (
				F54DC0BF1BE21C5B0059E641 /* scores.db */,
				F51131001BB1B855004B4ED7 /* AppDelegate.swift */,
				F51130FF1BB1B855004B4ED7 /* NeuroMind */,
				F51131141BB1B855004B4ED7 /* NeuroMindTests */,
				F511311F1BB1B855004B4ED7 /* NeuroMindUITests */,
				F5F219361C1426B900EA02FF /* testSharing */,
				F51130FE1BB1B855004B4ED7 /* Products */,
			);
			sourceTree = "<group>";
		};
		F51130FE1BB1B855004B4ED7 /* Products */ = {
			isa = PBXGroup;
			children = (
				F51130FD1BB1B855004B4ED7 /* NeuroMind.app */,
				F51131111BB1B855004B4ED7 /* NeuroMindTests.xctest */,
				F511311C1BB1B855004B4ED7 /* NeuroMindUITests.xctest */,
			);
			name = Products;
			sourceTree = "<group>";
		};
		F51130FF1BB1B855004B4ED7 /* NeuroMind */ = {
			isa = PBXGroup;
			children = (
				F54DC0C11BE24F750059E641 /* Global */,
				F511314D1BB687D8004B4ED7 /* Scores */,
				F511314C1BB687C6004B4ED7 /* CDSS */,
			);
			path = NeuroMind;
			sourceTree = "<group>";
		};
		F51131141BB1B855004B4ED7 /* NeuroMindTests */ = {
			isa = PBXGroup;
			children = (
				F51131151BB1B855004B4ED7 /* NeuroMindTests.swift */,
				F51131171BB1B855004B4ED7 /* Info.plist */,
			);
			path = NeuroMindTests;
			sourceTree = "<group>";
		};
		F511311F1BB1B855004B4ED7 /* NeuroMindUITests */ = {
			isa = PBXGroup;
			children = (
				F51131201BB1B855004B4ED7 /* NeuroMindUITests.swift */,
				F51131221BB1B855004B4ED7 /* Info.plist */,
			);
			path = NeuroMindUITests;
			sourceTree = "<group>";
		};
		F51131301BB1BABE004B4ED7 /* fmdb */ = {
			isa = PBXGroup;
			children = (
				F51131321BB1BACE004B4ED7 /* FMDB.h */,
				F51131331BB1BACE004B4ED7 /* FMDatabase.h */,
				F51131341BB1BACE004B4ED7 /* FMDatabase.m */,
				F51131351BB1BACE004B4ED7 /* FMResultSet.h */,
				F51131361BB1BACE004B4ED7 /* FMResultSet.m */,
				F51131371BB1BACE004B4ED7 /* FMDatabaseQueue.h */,
				F51131381BB1BACE004B4ED7 /* FMDatabaseQueue.m */,
				F51131391BB1BACE004B4ED7 /* FMDatabaseAdditions.h */,
				F511313A1BB1BACE004B4ED7 /* FMDatabaseAdditions.m */,
				F511313B1BB1BACE004B4ED7 /* FMDatabasePool.h */,
				F511313C1BB1BACE004B4ED7 /* FMDatabasePool.m */,
				F51131311BB1BACE004B4ED7 /* NeuroMind-Bridging-Header.h */,
			);
			name = fmdb;
			path = ..;
			sourceTree = "<group>";
		};
		F511314C1BB687C6004B4ED7 /* CDSS */ = {
			isa = PBXGroup;
			children = (
				F5F219511C15CAD100EA02FF /* _Purchase */,
				F54DC0D01BE2648C0059E641 /* _Recommendation */,
				F5F2194A1C15C54400EA02FF /* PHASES */,
				F54FB2F11C2048F1003C9E6A /* SINS */,
				F5F2191E1C09A8FE00EA02FF /* SLIC */,
				F54DC0C51BE250DD0059E641 /* Spetzler Ponce */,
				F5F219281C10D3AF00EA02FF /* TLICS */,
				F54DC0D11BE26BAF0059E641 /* Helper.swift */,
			);
			name = CDSS;
			sourceTree = "<group>";
		};
		F511314D1BB687D8004B4ED7 /* Scores */ = {
			isa = PBXGroup;
			children = (
				F51131041BB1B855004B4ED7 /* Main.storyboard */,
				F511312E1BB1B8CF004B4ED7 /* ScoresTVC.swift */,
				F51131481BB1CAD8004B4ED7 /* Score.swift */,
				F5E8D2BD1BE9DEF1000AE8CF /* ScoreCell.swift */,
				F5F2191D1C09A6D200EA02FF /* ScoreDetail */,
				F5F2191A1C09A33000EA02FF /* Info */,
				F5F219451C142ED200EA02FF /* ReleaseNotes */,
			);
			name = Scores;
			sourceTree = "<group>";
		};
		F52CFC781BFDF96B0072660B /* iRIS */ = {
			isa = PBXGroup;
			children = (
				F52CFC721BFDF9540072660B /* IRIS.swift */,
				F52CFC731BFDF9540072660B /* Status.swift */,
				F52CFC741BFDF9540072660B /* SwiftyJSON.swift */,
			);
			name = iRIS;
			sourceTree = "<group>";
		};
		F54DC0C11BE24F750059E641 /* Global */ = {
			isa = PBXGroup;
			children = (
				F52CFC781BFDF96B0072660B /* iRIS */,
				F51131301BB1BABE004B4ED7 /* fmdb */,
				F54DC0BD1BE208950059E641 /* DatabaseManager.swift */,
				F51131091BB1B855004B4ED7 /* LaunchScreen.storyboard */,
				F51131071BB1B855004B4ED7 /* Assets.xcassets */,
				F51131441BB1C119004B4ED7 /* libsqlite3.tbd */,
				F511310C1BB1B855004B4ED7 /* Info.plist */,
				F5ECFCF51BEC8D8200FFFDBB /* NeuroMind.entitlements */,
				F5F219481C15BFC200EA02FF /* StoreKit.framework */,
			);
			name = Global;
			sourceTree = "<group>";
		};
		F54DC0C51BE250DD0059E641 /* Spetzler Ponce */ = {
			isa = PBXGroup;
			children = (
				F54DC0C81BE253C70059E641 /* SpetzlerPonce.storyboard */,
				F54DC0C61BE2523A0059E641 /* SpetzlerPonceTVC.swift */,
				F54DC0CA1BE25A9C0059E641 /* SpetzlerPonce.swift */,
			);
			name = "Spetzler Ponce";
			sourceTree = "<group>";
		};
		F54DC0D01BE2648C0059E641 /* _Recommendation */ = {
			isa = PBXGroup;
			children = (
				F54DC0CC1BE2644C0059E641 /* Recommendation.storyboard */,
				F54DC0CE1BE264860059E641 /* RecommendationVC.swift */,
			);
			name = _Recommendation;
			sourceTree = "<group>";
		};
		F54FB2F11C2048F1003C9E6A /* SINS */ = {
			isa = PBXGroup;
			children = (
				F54FB2F61C22C9EC003C9E6A /* SINS.storyboard */,
				F54FB2F81C22CA56003C9E6A /* SINS_TVC.swift */,
				F54FB2F21C20490D003C9E6A /* SINS.swift */,
			);
			name = SINS;
			sourceTree = "<group>";
		};
		F5F2191A1C09A33000EA02FF /* Info */ = {
			isa = PBXGroup;
			children = (
				F5FCC2371C46FB3B00AD19B5 /* html */,
				F5F219181C09A32700EA02FF /* Info.storyboard */,
				F5B525361BFB881600D7FB1C /* InfoTVC.swift */,
				F5B525341BFB87E300D7FB1C /* InfoDetailVC.swift */,
			);
			name = Info;
			sourceTree = "<group>";
		};
		F5F2191D1C09A6D200EA02FF /* ScoreDetail */ = {
			isa = PBXGroup;
			children = (
				F5F2191B1C09A42E00EA02FF /* ScoreDetail.storyboard */,
				F511314A1BB5A0B4004B4ED7 /* ScoreDetailVC.swift */,
			);
			name = ScoreDetail;
			sourceTree = "<group>";
		};
		F5F2191E1C09A8FE00EA02FF /* SLIC */ = {
			isa = PBXGroup;
			children = (
				F5F219251C09A9D700EA02FF /* SLIC.storyboard */,
				F5F219221C09A93D00EA02FF /* SLICTableViewController.swift */,
				F5F2191F1C09A90F00EA02FF /* SLIC.swift */,
			);
			name = SLIC;
			sourceTree = "<group>";
		};
		F5F219281C10D3AF00EA02FF /* TLICS */ = {
			isa = PBXGroup;
			children = (
				F5F2192B1C10D41100EA02FF /* TLICS.storyboard */,
				F5F2192D1C10D4E000EA02FF /* TLICS_TVC.swift */,
				F5F2192F1C10D4FD00EA02FF /* TLICS.swift */,
			);
			name = TLICS;
			sourceTree = "<group>";
		};
		F5F219361C1426B900EA02FF /* testSharing */ = {
			isa = PBXGroup;
			children = (
				F5F219371C1426B900EA02FF /* RequestHandler.swift */,
				F5F219391C1426B900EA02FF /* Info.plist */,
			);
			path = testSharing;
			sourceTree = "<group>";
		};
		F5F219451C142ED200EA02FF /* ReleaseNotes */ = {
			isa = PBXGroup;
			children = (
				F5F219431C142EC300EA02FF /* ReleaseNotes.storyboard */,
				F5F219411C1428F300EA02FF /* ReleaseNotesVC.swift */,
				F5F219461C15B57100EA02FF /* release_notes.html */,
			);
			name = ReleaseNotes;
			sourceTree = "<group>";
		};
		F5F2194A1C15C54400EA02FF /* PHASES */ = {
			isa = PBXGroup;
			children = (
				F5F2194B1C15C56000EA02FF /* PHASES.storyboard */,
				F5F2194D1C15C57F00EA02FF /* PHASES_TVC.swift */,
				F5F2194F1C15C58C00EA02FF /* PHASES.swift */,
			);
			name = PHASES;
			sourceTree = "<group>";
		};
		F5F219511C15CAD100EA02FF /* _Purchase */ = {
			isa = PBXGroup;
			children = (
				F5F219521C16056A00EA02FF /* Purchase.storyboard */,
				F5F219541C16058300EA02FF /* PurchaseVC.swift */,
			);
			name = _Purchase;
			sourceTree = "<group>";
		};
		F5FCC2371C46FB3B00AD19B5 /* html */ = {
			isa = PBXGroup;
			children = (
				F5FCC2381C46FB6600AD19B5 /* eula.html */,
				F5FCC23A1C46FC3900AD19B5 /* iris.html */,
				F5FCC23C1C46FCE400AD19B5 /* privacy.html */,
				F5FCC23E1C46FD2F00AD19B5 /* me.html */,
			);
			name = html;
			sourceTree = "<group>";
		};
/* End PBXGroup section */

/* Begin PBXNativeTarget section */
		F51130FC1BB1B855004B4ED7 /* NeuroMind */ = {
			isa = PBXNativeTarget;
			buildConfigurationList = F51131251BB1B855004B4ED7 /* Build configuration list for PBXNativeTarget "NeuroMind" */;
			buildPhases = (
				F51130F91BB1B855004B4ED7 /* Sources */,
				F51130FA1BB1B855004B4ED7 /* Frameworks */,
				F51130FB1BB1B855004B4ED7 /* Resources */,
				F5F219401C1426BA00EA02FF /* Embed App Extensions */,
			);
			buildRules = (
			);
			dependencies = (
			);
			name = NeuroMind;
			productName = NeuroMind;
			productReference = F51130FD1BB1B855004B4ED7 /* NeuroMind.app */;
			productType = "com.apple.product-type.application";
		};
		F51131101BB1B855004B4ED7 /* NeuroMindTests */ = {
			isa = PBXNativeTarget;
			buildConfigurationList = F51131281BB1B855004B4ED7 /* Build configuration list for PBXNativeTarget "NeuroMindTests" */;
			buildPhases = (
				F511310D1BB1B855004B4ED7 /* Sources */,
				F511310E1BB1B855004B4ED7 /* Frameworks */,
				F511310F1BB1B855004B4ED7 /* Resources */,
			);
			buildRules = (
			);
			dependencies = (
				F51131131BB1B855004B4ED7 /* PBXTargetDependency */,
			);
			name = NeuroMindTests;
			productName = NeuroMindTests;
			productReference = F51131111BB1B855004B4ED7 /* NeuroMindTests.xctest */;
			productType = "com.apple.product-type.bundle.unit-test";
		};
		F511311B1BB1B855004B4ED7 /* NeuroMindUITests */ = {
			isa = PBXNativeTarget;
			buildConfigurationList = F511312B1BB1B855004B4ED7 /* Build configuration list for PBXNativeTarget "NeuroMindUITests" */;
			buildPhases = (
				F51131181BB1B855004B4ED7 /* Sources */,
				F51131191BB1B855004B4ED7 /* Frameworks */,
				F511311A1BB1B855004B4ED7 /* Resources */,
			);
			buildRules = (
			);
			dependencies = (
				F511311E1BB1B855004B4ED7 /* PBXTargetDependency */,
			);
			name = NeuroMindUITests;
			productName = NeuroMindUITests;
			productReference = F511311C1BB1B855004B4ED7 /* NeuroMindUITests.xctest */;
			productType = "com.apple.product-type.bundle.ui-testing";
		};
/* End PBXNativeTarget section */

/* Begin PBXProject section */
		F51130F51BB1B855004B4ED7 /* Project object */ = {
			isa = PBXProject;
			attributes = {
				LastSwiftUpdateCheck = 0710;
				LastUpgradeCheck = 0700;
				ORGANIZATIONNAME = DigitalNeurosurgeon.com;
				TargetAttributes = {
					F51130FC1BB1B855004B4ED7 = {
						CreatedOnToolsVersion = 7.0;
						DevelopmentTeam = XJW89ZK9NM;
						SystemCapabilities = {
							com.apple.InAppPurchase = {
								enabled = 1;
							};
							com.apple.iCloud = {
								enabled = 0;
							};
						};
					};
					F51131101BB1B855004B4ED7 = {
						CreatedOnToolsVersion = 7.0;
						TestTargetID = F51130FC1BB1B855004B4ED7;
					};
					F511311B1BB1B855004B4ED7 = {
						CreatedOnToolsVersion = 7.0;
						TestTargetID = F51130FC1BB1B855004B4ED7;
					};
				};
			};
			buildConfigurationList = F51130F81BB1B855004B4ED7 /* Build configuration list for PBXProject "NeuroMind" */;
			compatibilityVersion = "Xcode 3.2";
			developmentRegion = English;
			hasScannedForEncodings = 0;
			knownRegions = (
				en,
				Base,
			);
			mainGroup = F51130F41BB1B855004B4ED7;
			productRefGroup = F51130FE1BB1B855004B4ED7 /* Products */;
			projectDirPath = "";
			projectRoot = "";
			targets = (
				F51130FC1BB1B855004B4ED7 /* NeuroMind */,
				F51131101BB1B855004B4ED7 /* NeuroMindTests */,
				F511311B1BB1B855004B4ED7 /* NeuroMindUITests */,
			);
		};
/* End PBXProject section */

/* Begin PBXResourcesBuildPhase section */
		F51130FB1BB1B855004B4ED7 /* Resources */ = {
			isa = PBXResourcesBuildPhase;
			buildActionMask = 2147483647;
			files = (
				F54DC0C91BE253C70059E641 /* SpetzlerPonce.storyboard in Resources */,
				F5FCC23D1C46FCE400AD19B5 /* privacy.html in Resources */,
				F5F219191C09A32700EA02FF /* Info.storyboard in Resources */,
				F511310B1BB1B855004B4ED7 /* LaunchScreen.storyboard in Resources */,
				F5FCC2391C46FB6600AD19B5 /* eula.html in Resources */,
				F5F2194C1C15C56000EA02FF /* PHASES.storyboard in Resources */,
				F5F2192C1C10D41100EA02FF /* TLICS.storyboard in Resources */,
				F54FB2F71C22C9EC003C9E6A /* SINS.storyboard in Resources */,
				F5F219531C16056A00EA02FF /* Purchase.storyboard in Resources */,
				F5FCC23B1C46FC3900AD19B5 /* iris.html in Resources */,
				F5F219441C142EC300EA02FF /* ReleaseNotes.storyboard in Resources */,
				F54DC0CD1BE2644D0059E641 /* Recommendation.storyboard in Resources */,
				F5FCC23F1C46FD2F00AD19B5 /* me.html in Resources */,
				F5F219471C15B57100EA02FF /* release_notes.html in Resources */,
				F5F2191C1C09A42E00EA02FF /* ScoreDetail.storyboard in Resources */,
				F54DC0C01BE21C5B0059E641 /* scores.db in Resources */,
				F51131081BB1B855004B4ED7 /* Assets.xcassets in Resources */,
				F5F219261C09A9D700EA02FF /* SLIC.storyboard in Resources */,
				F51131061BB1B855004B4ED7 /* Main.storyboard in Resources */,
			);
			runOnlyForDeploymentPostprocessing = 0;
		};
		F511310F1BB1B855004B4ED7 /* Resources */ = {
			isa = PBXResourcesBuildPhase;
			buildActionMask = 2147483647;
			files = (
			);
			runOnlyForDeploymentPostprocessing = 0;
		};
		F511311A1BB1B855004B4ED7 /* Resources */ = {
			isa = PBXResourcesBuildPhase;
			buildActionMask = 2147483647;
			files = (
			);
			runOnlyForDeploymentPostprocessing = 0;
		};
/* End PBXResourcesBuildPhase section */

/* Begin PBXSourcesBuildPhase section */
		F51130F91BB1B855004B4ED7 /* Sources */ = {
			isa = PBXSourcesBuildPhase;
			buildActionMask = 2147483647;
			files = (
				F54DC0CB1BE25A9C0059E641 /* SpetzlerPonce.swift in Sources */,
				F5F219421C1428F300EA02FF /* ReleaseNotesVC.swift in Sources */,
				F511314B1BB5A0B4004B4ED7 /* ScoreDetailVC.swift in Sources */,
				F5F219551C16058300EA02FF /* PurchaseVC.swift in Sources */,
				F5F219241C09A93D00EA02FF /* SLICTableViewController.swift in Sources */,
				F54DC0CF1BE264860059E641 /* RecommendationVC.swift in Sources */,
				F52CFC771BFDF9540072660B /* SwiftyJSON.swift in Sources */,
				F54DC0C71BE2523A0059E641 /* SpetzlerPonceTVC.swift in Sources */,
				F54DC0BE1BE208950059E641 /* DatabaseManager.swift in Sources */,
				F5F219501C15C58C00EA02FF /* PHASES.swift in Sources */,
				F54FB2F91C22CA56003C9E6A /* SINS_TVC.swift in Sources */,
				F5B525371BFB881600D7FB1C /* InfoTVC.swift in Sources */,
				F511313F1BB1BACE004B4ED7 /* FMDatabaseQueue.m in Sources */,
				F54DC0D21BE26BAF0059E641 /* Helper.swift in Sources */,
				F5F2194E1C15C57F00EA02FF /* PHASES_TVC.swift in Sources */,
				F511313D1BB1BACE004B4ED7 /* FMDatabase.m in Sources */,
				F511312F1BB1B8D0004B4ED7 /* ScoresTVC.swift in Sources */,
				F52CFC751BFDF9540072660B /* IRIS.swift in Sources */,
				F5F219301C10D4FD00EA02FF /* TLICS.swift in Sources */,
				F511313E1BB1BACE004B4ED7 /* FMResultSet.m in Sources */,
				F5F2192E1C10D4E000EA02FF /* TLICS_TVC.swift in Sources */,
				F51131411BB1BACE004B4ED7 /* FMDatabasePool.m in Sources */,
				F5F219201C09A90F00EA02FF /* SLIC.swift in Sources */,
				F51131011BB1B855004B4ED7 /* AppDelegate.swift in Sources */,
				F5B525351BFB87E300D7FB1C /* InfoDetailVC.swift in Sources */,
				F51131491BB1CAD8004B4ED7 /* Score.swift in Sources */,
				F54FB2F31C20490D003C9E6A /* SINS.swift in Sources */,
				F5E8D2BE1BE9DEF1000AE8CF /* ScoreCell.swift in Sources */,
				F52CFC761BFDF9540072660B /* Status.swift in Sources */,
				F51131401BB1BACE004B4ED7 /* FMDatabaseAdditions.m in Sources */,
			);
			runOnlyForDeploymentPostprocessing = 0;
		};
		F511310D1BB1B855004B4ED7 /* Sources */ = {
			isa = PBXSourcesBuildPhase;
			buildActionMask = 2147483647;
			files = (
				F51131161BB1B855004B4ED7 /* NeuroMindTests.swift in Sources */,
			);
			runOnlyForDeploymentPostprocessing = 0;
		};
		F51131181BB1B855004B4ED7 /* Sources */ = {
			isa = PBXSourcesBuildPhase;
			buildActionMask = 2147483647;
			files = (
				F51131211BB1B855004B4ED7 /* NeuroMindUITests.swift in Sources */,
			);
			runOnlyForDeploymentPostprocessing = 0;
		};
/* End PBXSourcesBuildPhase section */

/* Begin PBXTargetDependency section */
		F51131131BB1B855004B4ED7 /* PBXTargetDependency */ = {
			isa = PBXTargetDependency;
			target = F51130FC1BB1B855004B4ED7 /* NeuroMind */;
			targetProxy = F51131121BB1B855004B4ED7 /* PBXContainerItemProxy */;
		};
		F511311E1BB1B855004B4ED7 /* PBXTargetDependency */ = {
			isa = PBXTargetDependency;
			target = F51130FC1BB1B855004B4ED7 /* NeuroMind */;
			targetProxy = F511311D1BB1B855004B4ED7 /* PBXContainerItemProxy */;
		};
/* End PBXTargetDependency section */

/* Begin PBXVariantGroup section */
		F51131041BB1B855004B4ED7 /* Main.storyboard */ = {
			isa = PBXVariantGroup;
			children = (
				F51131051BB1B855004B4ED7 /* Base */,
			);
			name = Main.storyboard;
			sourceTree = "<group>";
		};
		F51131091BB1B855004B4ED7 /* LaunchScreen.storyboard */ = {
			isa = PBXVariantGroup;
			children = (
				F511310A1BB1B855004B4ED7 /* Base */,
			);
			name = LaunchScreen.storyboard;
			sourceTree = "<group>";
		};
/* End PBXVariantGroup section */

/* Begin XCBuildConfiguration section */
		F51131231BB1B855004B4ED7 /* Debug */ = {
			isa = XCBuildConfiguration;
			buildSettings = {
				ALWAYS_SEARCH_USER_PATHS = NO;
				CLANG_CXX_LANGUAGE_STANDARD = "gnu++0x";
				CLANG_CXX_LIBRARY = "libc++";
				CLANG_ENABLE_MODULES = YES;
				CLANG_ENABLE_OBJC_ARC = YES;
				CLANG_WARN_BOOL_CONVERSION = YES;
				CLANG_WARN_CONSTANT_CONVERSION = YES;
				CLANG_WARN_DIRECT_OBJC_ISA_USAGE = YES_ERROR;
				CLANG_WARN_EMPTY_BODY = YES;
				CLANG_WARN_ENUM_CONVERSION = YES;
				CLANG_WARN_INT_CONVERSION = YES;
				CLANG_WARN_OBJC_ROOT_CLASS = YES_ERROR;
				CLANG_WARN_UNREACHABLE_CODE = YES;
				CLANG_WARN__DUPLICATE_METHOD_MATCH = YES;
				"CODE_SIGN_IDENTITY[sdk=iphoneos*]" = "iPhone Developer";
				COPY_PHASE_STRIP = NO;
				DEBUG_INFORMATION_FORMAT = dwarf;
				ENABLE_STRICT_OBJC_MSGSEND = YES;
				ENABLE_TESTABILITY = YES;
				GCC_C_LANGUAGE_STANDARD = gnu99;
				GCC_DYNAMIC_NO_PIC = NO;
				GCC_NO_COMMON_BLOCKS = YES;
				GCC_OPTIMIZATION_LEVEL = 0;
				GCC_PREPROCESSOR_DEFINITIONS = (
					"DEBUG=1",
					"$(inherited)",
				);
				GCC_WARN_64_TO_32_BIT_CONVERSION = YES;
				GCC_WARN_ABOUT_RETURN_TYPE = YES_ERROR;
				GCC_WARN_UNDECLARED_SELECTOR = YES;
				GCC_WARN_UNINITIALIZED_AUTOS = YES_AGGRESSIVE;
				GCC_WARN_UNUSED_FUNCTION = YES;
				GCC_WARN_UNUSED_VARIABLE = YES;
				IPHONEOS_DEPLOYMENT_TARGET = 9.0;
				MTL_ENABLE_DEBUG_INFO = YES;
				ONLY_ACTIVE_ARCH = YES;
				SDKROOT = iphoneos;
				SWIFT_OPTIMIZATION_LEVEL = "-Onone";
				TARGETED_DEVICE_FAMILY = "1,2";
			};
			name = Debug;
		};
		F51131241BB1B855004B4ED7 /* Release */ = {
			isa = XCBuildConfiguration;
			buildSettings = {
				ALWAYS_SEARCH_USER_PATHS = NO;
				CLANG_CXX_LANGUAGE_STANDARD = "gnu++0x";
				CLANG_CXX_LIBRARY = "libc++";
				CLANG_ENABLE_MODULES = YES;
				CLANG_ENABLE_OBJC_ARC = YES;
				CLANG_WARN_BOOL_CONVERSION = YES;
				CLANG_WARN_CONSTANT_CONVERSION = YES;
				CLANG_WARN_DIRECT_OBJC_ISA_USAGE = YES_ERROR;
				CLANG_WARN_EMPTY_BODY = YES;
				CLANG_WARN_ENUM_CONVERSION = YES;
				CLANG_WARN_INT_CONVERSION = YES;
				CLANG_WARN_OBJC_ROOT_CLASS = YES_ERROR;
				CLANG_WARN_UNREACHABLE_CODE = YES;
				CLANG_WARN__DUPLICATE_METHOD_MATCH = YES;
				"CODE_SIGN_IDENTITY[sdk=iphoneos*]" = "iPhone Developer";
				COPY_PHASE_STRIP = NO;
				DEBUG_INFORMATION_FORMAT = "dwarf-with-dsym";
				ENABLE_NS_ASSERTIONS = NO;
				ENABLE_STRICT_OBJC_MSGSEND = YES;
				GCC_C_LANGUAGE_STANDARD = gnu99;
				GCC_NO_COMMON_BLOCKS = YES;
				GCC_WARN_64_TO_32_BIT_CONVERSION = YES;
				GCC_WARN_ABOUT_RETURN_TYPE = YES_ERROR;
				GCC_WARN_UNDECLARED_SELECTOR = YES;
				GCC_WARN_UNINITIALIZED_AUTOS = YES_AGGRESSIVE;
				GCC_WARN_UNUSED_FUNCTION = YES;
				GCC_WARN_UNUSED_VARIABLE = YES;
				IPHONEOS_DEPLOYMENT_TARGET = 9.0;
				MTL_ENABLE_DEBUG_INFO = NO;
				SDKROOT = iphoneos;
				TARGETED_DEVICE_FAMILY = "1,2";
				VALIDATE_PRODUCT = YES;
			};
			name = Release;
		};
		F51131261BB1B855004B4ED7 /* Debug */ = {
			isa = XCBuildConfiguration;
			buildSettings = {
				ASSETCATALOG_COMPILER_APPICON_NAME = AppIcon;
				CLANG_ENABLE_MODULES = YES;
				CODE_SIGN_IDENTITY = "iPhone Developer";
				EMBEDDED_CONTENT_CONTAINS_SWIFT = YES;
				INFOPLIST_FILE = NeuroMind/Info.plist;
				IPHONEOS_DEPLOYMENT_TARGET = 8.0;
				LD_RUNPATH_SEARCH_PATHS = "$(inherited) @executable_path/Frameworks";
				PRODUCT_BUNDLE_IDENTIFIER = com.DigitalNeurosurgeon.NeuroMind;
				PRODUCT_NAME = "$(TARGET_NAME)";
				SWIFT_OBJC_BRIDGING_HEADER = "NeuroMind-Bridging-Header.h";
				SWIFT_OPTIMIZATION_LEVEL = "-Onone";
			};
			name = Debug;
		};
		F51131271BB1B855004B4ED7 /* Release */ = {
			isa = XCBuildConfiguration;
			buildSettings = {
				ASSETCATALOG_COMPILER_APPICON_NAME = AppIcon;
				CLANG_ENABLE_MODULES = YES;
				CODE_SIGN_IDENTITY = "iPhone Developer";
				EMBEDDED_CONTENT_CONTAINS_SWIFT = YES;
				INFOPLIST_FILE = NeuroMind/Info.plist;
				IPHONEOS_DEPLOYMENT_TARGET = 8.0;
				LD_RUNPATH_SEARCH_PATHS = "$(inherited) @executable_path/Frameworks";
				PRODUCT_BUNDLE_IDENTIFIER = com.DigitalNeurosurgeon.NeuroMind;
				PRODUCT_NAME = "$(TARGET_NAME)";
				SWIFT_OBJC_BRIDGING_HEADER = "NeuroMind-Bridging-Header.h";
			};
			name = Release;
		};
		F51131291BB1B855004B4ED7 /* Debug */ = {
			isa = XCBuildConfiguration;
			buildSettings = {
				BUNDLE_LOADER = "$(TEST_HOST)";
				INFOPLIST_FILE = NeuroMindTests/Info.plist;
				LD_RUNPATH_SEARCH_PATHS = "$(inherited) @executable_path/Frameworks @loader_path/Frameworks";
				PRODUCT_BUNDLE_IDENTIFIER = eu.dign.NeuroMindTests;
				PRODUCT_NAME = "$(TARGET_NAME)";
				TEST_HOST = "$(BUILT_PRODUCTS_DIR)/NeuroMind.app/NeuroMind";
			};
			name = Debug;
		};
		F511312A1BB1B855004B4ED7 /* Release */ = {
			isa = XCBuildConfiguration;
			buildSettings = {
				BUNDLE_LOADER = "$(TEST_HOST)";
				INFOPLIST_FILE = NeuroMindTests/Info.plist;
				LD_RUNPATH_SEARCH_PATHS = "$(inherited) @executable_path/Frameworks @loader_path/Frameworks";
				PRODUCT_BUNDLE_IDENTIFIER = eu.dign.NeuroMindTests;
				PRODUCT_NAME = "$(TARGET_NAME)";
				TEST_HOST = "$(BUILT_PRODUCTS_DIR)/NeuroMind.app/NeuroMind";
			};
			name = Release;
		};
		F511312C1BB1B855004B4ED7 /* Debug */ = {
			isa = XCBuildConfiguration;
			buildSettings = {
				INFOPLIST_FILE = NeuroMindUITests/Info.plist;
				LD_RUNPATH_SEARCH_PATHS = "$(inherited) @executable_path/Frameworks @loader_path/Frameworks";
				PRODUCT_BUNDLE_IDENTIFIER = eu.dign.NeuroMindUITests;
				PRODUCT_NAME = "$(TARGET_NAME)";
				TEST_TARGET_NAME = NeuroMind;
				USES_XCTRUNNER = YES;
			};
			name = Debug;
		};
		F511312D1BB1B855004B4ED7 /* Release */ = {
			isa = XCBuildConfiguration;
			buildSettings = {
				INFOPLIST_FILE = NeuroMindUITests/Info.plist;
				LD_RUNPATH_SEARCH_PATHS = "$(inherited) @executable_path/Frameworks @loader_path/Frameworks";
				PRODUCT_BUNDLE_IDENTIFIER = eu.dign.NeuroMindUITests;
				PRODUCT_NAME = "$(TARGET_NAME)";
				TEST_TARGET_NAME = NeuroMind;
				USES_XCTRUNNER = YES;
			};
			name = Release;
		};
/* End XCBuildConfiguration section */

/* Begin XCConfigurationList section */
		F51130F81BB1B855004B4ED7 /* Build configuration list for PBXProject "NeuroMind" */ = {
			isa = XCConfigurationList;
			buildConfigurations = (
				F51131231BB1B855004B4ED7 /* Debug */,
				F51131241BB1B855004B4ED7 /* Release */,
			);
			defaultConfigurationIsVisible = 0;
			defaultConfigurationName = Release;
		};
		F51131251BB1B855004B4ED7 /* Build configuration list for PBXNativeTarget "NeuroMind" */ = {
			isa = XCConfigurationList;
			buildConfigurations = (
				F51131261BB1B855004B4ED7 /* Debug */,
				F51131271BB1B855004B4ED7 /* Release */,
			);
			defaultConfigurationIsVisible = 0;
			defaultConfigurationName = Release;
		};
		F51131281BB1B855004B4ED7 /* Build configuration list for PBXNativeTarget "NeuroMindTests" */ = {
			isa = XCConfigurationList;
			buildConfigurations = (
				F51131291BB1B855004B4ED7 /* Debug */,
				F511312A1BB1B855004B4ED7 /* Release */,
			);
			defaultConfigurationIsVisible = 0;
			defaultConfigurationName = Release;
		};
		F511312B1BB1B855004B4ED7 /* Build configuration list for PBXNativeTarget "NeuroMindUITests" */ = {
			isa = XCConfigurationList;
			buildConfigurations = (
				F511312C1BB1B855004B4ED7 /* Debug */,
				F511312D1BB1B855004B4ED7 /* Release */,
			);
			defaultConfigurationIsVisible = 0;
			defaultConfigurationName = Release;
		};
/* End XCConfigurationList section */
	};
	rootObject = F51130F51BB1B855004B4ED7 /* Project object */;
}
